#
# This file is autogenerated by pip-compile with Python 3.11
# by the following command:
#
#    pip-compile --no-index --output-file=requirements-dev.lock requirements-dev.in
#
aiosqlite==0.22.1
    # via langgraph-checkpoint-sqlite
alembic==1.20.0
    # via -r requirements.in
annotated-doc==0.0.5
    # via fastapi
annotated-types==0.8.0
    # via pydantic
anyio==4.15.1
    # via
    #   httpx
    #   httpx2
    #   langsmith
    #   starlette
ast-serialize==0.11.2
    # via mypy
certifi==2026.7.22
    # via
    #   httpcore
    #   httpx
    #   requests
charset-normalizer==3.5.1
    # via requests
click==8.5.0
    # via uvicorn
colorama==0.4.6
    # via pytest
coverage[toml]==7.16.1
    # via pytest-cov
distro==1.9.0
    # via langsmith
fastapi==0.141.1
    # via -r requirements.in
greenlet==3.5.6
    # via sqlalchemy
h11==0.16.0
    # via
    #   httpcore
    #   httpcore2
    #   uvicorn
httpcore==1.0.9
    # via httpx
httpcore2==2.13.1
    # via httpx2
httpx==0.28.1
    # via
    #   -r requirements-dev.in
    #   -r requirements.in
    #   langchain-core
    #   langgraph-sdk
httpx2==2.13.1
    # via langsmith
idna==3.20
    # via
    #   anyio
    #   httpx
    #   httpx2
    #   requests
iniconfig==2.3.0
    # via pytest
jsonpatch==1.33
    # via langchain-core
jsonpointer==3.1.1
    # via jsonpatch
langchain-core==1.6.4
    # via
    #   -r requirements.in
    #   langgraph
    #   langgraph-checkpoint
    #   langgraph-prebuilt
    #   langgraph-sdk
langchain-protocol==0.0.19
    # via
    #   langchain-core
    #   langgraph-sdk
langgraph==1.2.12
    # via -r requirements.in
langgraph-checkpoint==4.2.0
    # via
    #   langgraph
    #   langgraph-checkpoint-sqlite
    #   langgraph-prebuilt
langgraph-checkpoint-sqlite==3.1.1
    # via -r requirements.in
langgraph-prebuilt==1.1.0
    # via langgraph
langgraph-sdk==0.4.5
    # via langgraph
langsmith==0.14.0
    # via
    #   -r requirements.in
    #   langchain-core
librt==0.15.0
    # via mypy
mako==1.4.1
    # via alembic
markupsafe==3.0.3
    # via mako
mypy==2.3.1
    # via -r requirements-dev.in
mypy-extensions==1.1.0
    # via mypy
numpy==2.4.6
    # via
    #   pandas
    #   pandas-stubs
orjson==3.12.0
    # via
    #   langgraph-sdk
    #   langsmith
ormsgpack==1.12.2
    # via langgraph-checkpoint
packaging==26.3
    # via
    #   langchain-core
    #   langsmith
    #   pytest
pandas==3.0.6
    # via -r requirements.in
pandas-stubs==3.0.5.260914
    # via -r requirements-dev.in
pathspec==1.1.1
    # via mypy
pluggy==1.6.0
    # via
    #   pytest
    #   pytest-cov
pydantic==2.13.5
    # via
    #   -r requirements.in
    #   fastapi
    #   langchain-core
    #   langgraph
    #   langsmith
pydantic-core==2.46.5
    # via pydantic
pygments==2.21.0
    # via pytest
pytest==9.1.1
    # via
    #   -r requirements-dev.in
    #   pytest-cov
pytest-cov==7.1.0
    # via -r requirements-dev.in
python-dateutil==2.9.0.post0
    # via pandas
python-multipart==0.0.32
    # via -r requirements.in
pyyaml==6.0.3
    # via langchain-core
requests==2.34.2
    # via
    #   langsmith
    #   requests-toolbelt
requests-toolbelt==1.0.0
    # via langsmith
ruff==0.16.8
    # via -r requirements-dev.in
six==1.17.0
    # via python-dateutil
sniffio==1.3.1
    # via langsmith
sqlalchemy==2.0.54
    # via
    #   -r requirements.in
    #   alembic
sqlite-vec==0.1.9
    # via langgraph-checkpoint-sqlite
starlette==1.6.0
    # via fastapi
tenacity==9.1.4
    # via langchain-core
truststore==0.10.4
    # via
    #   httpcore2
    #   httpx2
typing-extensions==4.16.0
    # via
    #   alembic
    #   anyio
    #   fastapi
    #   httpx2
    #   langchain-core
    #   langchain-protocol
    #   langsmith
    #   mypy
    #   pydantic
    #   pydantic-core
    #   sqlalchemy
    #   starlette
    #   typing-inspection
typing-inspection==0.4.4
    # via
    #   fastapi
    #   pydantic
tzdata==2026.4
    # via pandas
urllib3==2.8.0
    # via requests
uuid-utils==0.17.1
    # via
    #   langchain-core
    #   langsmith
uvicorn==0.53.0
    # via -r requirements.in
websockets==16.1.1
    # via
    #   langgraph-sdk
    #   langsmith
xxhash==4.0.1
    # via
    #   langgraph
    #   langsmith
zstandard==0.25.0
    # via langsmith
