#
# This file is autogenerated by pip-compile with Python 3.11
# by the following command:
#
#    pip-compile --no-index --output-file=requirements.lock requirements.in
#
alembic==1.20.0
    # via -r requirements.in
annotated-doc==0.0.5
    # via fastapi
annotated-types==0.8.0
    # via pydantic
anyio==4.15.1
    # via starlette
click==8.5.0
    # via uvicorn
fastapi==0.141.1
    # via -r requirements.in
greenlet==3.5.6
    # via sqlalchemy
h11==0.16.0
    # via uvicorn
idna==3.20
    # via anyio
mako==1.4.1
    # via alembic
markupsafe==3.0.3
    # via mako
numpy==2.4.6
    # via pandas
pandas==3.0.6
    # via -r requirements.in
pydantic==2.13.5
    # via
    #   -r requirements.in
    #   fastapi
pydantic-core==2.46.5
    # via pydantic
python-dateutil==2.9.0.post0
    # via pandas
python-multipart==0.0.32
    # via -r requirements.in
six==1.17.0
    # via python-dateutil
sqlalchemy==2.0.54
    # via
    #   -r requirements.in
    #   alembic
starlette==1.6.0
    # via fastapi
typing-extensions==4.16.0
    # via
    #   alembic
    #   anyio
    #   fastapi
    #   pydantic
    #   pydantic-core
    #   sqlalchemy
    #   starlette
    #   typing-inspection
typing-inspection==0.4.4
    # via
    #   fastapi
    #   pydantic
tzdata==2026.4
    # via pandas
uvicorn==0.53.0
    # via -r requirements.in
